
Microsoft Visual Studio Solution File, Format Version 12.00
# Visual Studio Version 17
VisualStudioVersion = 17.7.34024.191
MinimumVisualStudioVersion = 10.0.40219.1
Project("{9A19103F-16F7-4668-BE54-9A1E7A4F7556}") = "EasyLogin", "EasyLogin\EasyLogin.csproj", "{6F9C521D-5B76-40E5-B048-A52989404FF2}"
EndProject
Project("{9A19103F-16F7-4668-BE54-9A1E7A4F7556}") = "Mic.Playwrights", "Mic.Playwrights\Mic.Playwrights.csproj", "{495EA359-E598-4803-8CFD-D1E0361E81C9}"
EndProject
Global
	GlobalSection(SolutionConfigurationPlatforms) = preSolution
		Debug|Any CPU = Debug|Any CPU
		Release|Any CPU = Release|Any CPU
	EndGlobalSection
	GlobalSection(ProjectConfigurationPlatforms) = postSolution
		{6F9C521D-5B76-40E5-B048-A52989404FF2}.Debug|Any CPU.ActiveCfg = Debug|Any CPU
		{6F9C521D-5B76-40E5-B048-A52989404FF2}.Debug|Any CPU.Build.0 = Debug|Any CPU
		{6F9C521D-5B76-40E5-B048-A52989404FF2}.Release|Any CPU.ActiveCfg = Release|Any CPU
		{6F9C521D-5B76-40E5-B048-A52989404FF2}.Release|Any CPU.Build.0 = Release|Any CPU
		{495EA359-E598-4803-8CFD-D1E0361E81C9}.Debug|Any CPU.ActiveCfg = Debug|Any CPU
		{495EA359-E598-4803-8CFD-D1E0361E81C9}.Debug|Any CPU.Build.0 = Debug|Any CPU
		{495EA359-E598-4803-8CFD-D1E0361E81C9}.Release|Any CPU.ActiveCfg = Release|Any CPU
		{495EA359-E598-4803-8CFD-D1E0361E81C9}.Release|Any CPU.Build.0 = Release|Any CPU
	EndGlobalSection
	GlobalSection(SolutionProperties) = preSolution
		HideSolutionNode = FALSE
	EndGlobalSection
	GlobalSection(ExtensibilityGlobals) = postSolution
		SolutionGuid = {5414BDBA-E660-4F6C-BAFF-84F33FB58806}
	EndGlobalSection
EndGlobal
